// !$*UTF8*$!
{
	archiveVersion = 1;
	classes = {
	};
	objectVersion = 46;
	objects = {

/* Begin PBXBuildFile section */
		96E3EB1F1A7B664E0088929B /* AppDelegate.swift in Sources */ = {isa = PBXBuildFile; fileRef = 96E3EB1E1A7B664E0088929B /* AppDelegate.swift */; };
		96E3EB211A7B664E0088929B /* ViewController.swift in Sources */ = {isa = PBXBuildFile; fileRef = 96E3EB201A7B664E0088929B /* ViewController.swift */; };
		96E3EB241A7B664E0088929B /* Main.storyboard in Resources */ = {isa = PBXBuildFile; fileRef = 96E3EB221A7B664E0088929B /* Main.storyboard */; };
		96E3EB261A7B664E0088929B /* Images.xcassets in Resources */ = {isa = PBXBuildFile; fileRef = 96E3EB251A7B664E0088929B /* Images.xcassets */; };
		96E3EB291A7B664E0088929B /* LaunchScreen.xib in Resources */ = {isa = PBXBuildFile; fileRef = 96E3EB271A7B664E0088929B /* LaunchScreen.xib */; };
		96E3EB351A7B664E0088929B /* Dropbox_DemoTests.swift in Sources */ = {isa = PBXBuildFile; fileRef = 96E3EB341A7B664E0088929B /* Dropbox_DemoTests.swift */; };
/* End PBXBuildFile section */

/* Begin PBXContainerItemProxy section */
		96E3EB2F1A7B664E0088929B /* PBXContainerItemProxy */ = {
			isa = PBXContainerItemProxy;
			containerPortal = 96E3EB111A7B664E0088929B /* Project object */;
			proxyType = 1;
			remoteGlobalIDString = 96E3EB181A7B664E0088929B;
			remoteInfo = "Dropbox Demo";
		};
/* End PBXContainerItemProxy section */

/* Begin PBXFileReference section */
		96E3EB191A7B664E0088929B /* Dropbox Demo.app */ = {isa = PBXFileReference; explicitFileType = wrapper.application; includeInIndex = 0; path = "Dropbox Demo.app"; sourceTree = BUILT_PRODUCTS_DIR; };
		96E3EB1D1A7B664E0088929B /* Info.plist */ = {isa = PBXFileReference; lastKnownFileType = text.plist.xml; path = Info.plist; sourceTree = "<group>"; };
		96E3EB1E1A7B664E0088929B /* AppDelegate.swift */ = {isa = PBXFileReference; lastKnownFileType = sourcecode.swift; path = AppDelegate.swift; sourceTree = "<group>"; };
		96E3EB201A7B664E0088929B /* ViewController.swift */ = {isa = PBXFileReference; lastKnownFileType = sourcecode.swift; path = ViewController.swift; sourceTree = "<group>"; };
		96E3EB231A7B664E0088929B /* Base */ = {isa = PBXFileReference; lastKnownFileType = file.storyboard; name = Base; path = Base.lproj/Main.storyboard; sourceTree = "<group>"; };
		96E3EB251A7B664E0088929B /* Images.xcassets */ = {isa = PBXFileReference; lastKnownFileType = folder.assetcatalog; path = Images.xcassets; sourceTree = "<group>"; };
		96E3EB281A7B664E0088929B /* Base */ = {isa = PBXFileReference; lastKnownFileType = file.xib; name = Base; path = Base.lproj/LaunchScreen.xib; sourceTree = "<group>"; };
		96E3EB2E1A7B664E0088929B /* Dropbox DemoTests.xctest */ = {isa = PBXFileReference; explicitFileType = wrapper.cfbundle; includeInIndex = 0; path = "Dropbox DemoTests.xctest"; sourceTree = BUILT_PRODUCTS_DIR; };
		96E3EB331A7B664E0088929B /* Info.plist */ = {isa = PBXFileReference; lastKnownFileType = text.plist.xml; path = Info.plist; sourceTree = "<group>"; };
		96E3EB341A7B664E0088929B /* Dropbox_DemoTests.swift */ = {isa = PBXFileReference; lastKnownFileType = sourcecode.swift; path = Dropbox_DemoTests.swift; sourceTree = "<group>"; };
/* End PBXFileReference section */

/* Begin PBXFrameworksBuildPhase section */
		96E3EB161A7B664E0088929B /* Frameworks */ = {
			isa = PBXFrameworksBuildPhase;
			buildActionMask = 2147483647;
			files = (
			);
			runOnlyForDeploymentPostprocessing = 0;
		};
		96E3EB2B1A7B664E0088929B /* Frameworks */ = {
			isa = PBXFrameworksBuildPhase;
			buildActionMask = 2147483647;
			files = (
			);
			runOnlyForDeploymentPostprocessing = 0;
		};
/* End PBXFrameworksBuildPhase section */

/* Begin PBXGroup section */
		96E3EB101A7B664E0088929B = {
			isa = PBXGroup;
			children = (
				96E3EB1B1A7B664E0088929B /* Dropbox Demo */,
				96E3EB311A7B664E0088929B /* Dropbox DemoTests */,
				96E3EB1A1A7B664E0088929B /* Products */,
			);
			sourceTree = "<group>";
		};
		96E3EB1A1A7B664E0088929B /* Products */ = {
			isa = PBXGroup;
			children = (
				96E3EB191A7B664E0088929B /* Dropbox Demo.app */,
				96E3EB2E1A7B664E0088929B /* Dropbox DemoTests.xctest */,
			);
			name = Products;
			sourceTree = "<group>";
		};
		96E3EB1B1A7B664E0088929B /* Dropbox Demo */ = {
			isa = PBXGroup;
			children = (
				96E3EB1E1A7B664E0088929B /* AppDelegate.swift */,
				96E3EB201A7B664E0088929B /* ViewController.swift */,
				96E3EB221A7B664E0088929B /* Main.storyboard */,
				96E3EB251A7B664E0088929B /* Images.xcassets */,
				96E3EB271A7B664E0088929B /* LaunchScreen.xib */,
				96E3EB1C1A7B664E0088929B /* Supporting Files */,
			);
			path = "Dropbox Demo";
			sourceTree = "<group>";
		};
		96E3EB1C1A7B664E0088929B /* Supporting Files */ = {
			isa = PBXGroup;
			children = (
				96E3EB1D1A7B664E0088929B /* Info.plist */,
			);
			name = "Supporting Files";
			sourceTree = "<group>";
		};
		96E3EB311A7B664E0088929B /* Dropbox DemoTests */ = {
			isa = PBXGroup;
			children = (
				96E3EB341A7B664E0088929B /* Dropbox_DemoTests.swift */,
				96E3EB321A7B664E0088929B /* Supporting Files */,
			);
			path = "Dropbox DemoTests";
			sourceTree = "<group>";
		};
		96E3EB321A7B664E0088929B /* Supporting Files */ = {
			isa = PBXGroup;
			children = (
				96E3EB331A7B664E0088929B /* Info.plist */,
			);
			name = "Supporting Files";
			sourceTree = "<group>";
		};
/* End PBXGroup section */

/* Begin PBXNativeTarget section */
		96E3EB181A7B664E0088929B /* Dropbox Demo */ = {
			isa = PBXNativeTarget;
			buildConfigurationList = 96E3EB381A7B664E0088929B /* Build configuration list for PBXNativeTarget "Dropbox Demo" */;
			buildPhases = (
				96E3EB151A7B664E0088929B /* Sources */,
				96E3EB161A7B664E0088929B /* Frameworks */,
				96E3EB171A7B664E0088929B /* Resources */,
			);
			buildRules = (
			);
			dependencies = (
			);
			name = "Dropbox Demo";
			productName = "Dropbox Demo";
			productReference = 96E3EB191A7B664E0088929B /* Dropbox Demo.app */;
			productType = "com.apple.product-type.application";
		};
		96E3EB2D1A7B664E0088929B /* Dropbox DemoTests */ = {
			isa = PBXNativeTarget;
			buildConfigurationList = 96E3EB3B1A7B664E0088929B /* Build configuration list for PBXNativeTarget "Dropbox DemoTests" */;
			buildPhases = (
				96E3EB2A1A7B664E0088929B /* Sources */,
				96E3EB2B1A7B664E0088929B /* Frameworks */,
				96E3EB2C1A7B664E0088929B /* Resources */,
			);
			buildRules = (
			);
			dependencies = (
				96E3EB301A7B664E0088929B /* PBXTargetDependency */,
			);
			name = "Dropbox DemoTests";
			productName = "Dropbox DemoTests";
			productReference = 96E3EB2E1A7B664E0088929B /* Dropbox DemoTests.xctest */;
			productType = "com.apple.product-type.bundle.unit-test";
		};
/* End PBXNativeTarget section */

/* Begin PBXProject section */
		96E3EB111A7B664E0088929B /* Project object */ = {
			isa = PBXProject;
			attributes = {
				LastUpgradeCheck = 0610;
				ORGANIZATIONNAME = vs;
				TargetAttributes = {
					96E3EB181A7B664E0088929B = {
						CreatedOnToolsVersion = 6.1.1;
					};
					96E3EB2D1A7B664E0088929B = {
						CreatedOnToolsVersion = 6.1.1;
						TestTargetID = 96E3EB181A7B664E0088929B;
					};
				};
			};
			buildConfigurationList = 96E3EB141A7B664E0088929B /* Build configuration list for PBXProject "Dropbox Demo" */;
			compatibilityVersion = "Xcode 3.2";
			developmentRegion = English;
			hasScannedForEncodings = 0;
			knownRegions = (
				en,
				Base,
			);
			mainGroup = 96E3EB101A7B664E0088929B;
			productRefGroup = 96E3EB1A1A7B664E0088929B /* Products */;
			projectDirPath = "";
			projectRoot = "";
			targets = (
				96E3EB181A7B664E0088929B /* Dropbox Demo */,
				96E3EB2D1A7B664E0088929B /* Dropbox DemoTests */,
			);
		};
/* End PBXProject section */

/* Begin PBXResourcesBuildPhase section */
		96E3EB171A7B664E0088929B /* Resources */ = {
			isa = PBXResourcesBuildPhase;
			buildActionMask = 2147483647;
			files = (
				96E3EB241A7B664E0088929B /* Main.storyboard in Resources */,
				96E3EB291A7B664E0088929B /* LaunchScreen.xib in Resources */,
				96E3EB261A7B664E0088929B /* Images.xcassets in Resources */,
			);
			runOnlyForDeploymentPostprocessing = 0;
		};
		96E3EB2C1A7B664E0088929B /* Resources */ = {
			isa = PBXResourcesBuildPhase;
			buildActionMask = 2147483647;
			files = (
			);
			runOnlyForDeploymentPostprocessing = 0;
		};
/* End PBXResourcesBuildPhase section */

/* Begin PBXSourcesBuildPhase section */
		96E3EB151A7B664E0088929B /* Sources */ = {
			isa = PBXSourcesBuildPhase;
			buildActionMask = 2147483647;
			files = (
				96E3EB211A7B664E0088929B /* ViewController.swift in Sources */,
				96E3EB1F1A7B664E0088929B /* AppDelegate.swift in Sources */,
			);
			runOnlyForDeploymentPostprocessing = 0;
		};
		96E3EB2A1A7B664E0088929B /* Sources */ = {
			isa = PBXSourcesBuildPhase;
			buildActionMask = 2147483647;
			files = (
				96E3EB351A7B664E0088929B /* Dropbox_DemoTests.swift in Sources */,
			);
			runOnlyForDeploymentPostprocessing = 0;
		};
/* End PBXSourcesBuildPhase section */

/* Begin PBXTargetDependency section */
		96E3EB301A7B664E0088929B /* PBXTargetDependency */ = {
			isa = PBXTargetDependency;
			target = 96E3EB181A7B664E0088929B /* Dropbox Demo */;
			targetProxy = 96E3EB2F1A7B664E0088929B /* PBXContainerItemProxy */;
		};
/* End PBXTargetDependency section */

/* Begin PBXVariantGroup section */
		96E3EB221A7B664E0088929B /* Main.storyboard */ = {
			isa = PBXVariantGroup;
			children = (
				96E3EB231A7B664E0088929B /* Base */,
			);
			name = Main.storyboard;
			sourceTree = "<group>";
		};
		96E3EB271A7B664E0088929B /* LaunchScreen.xib */ = {
			isa = PBXVariantGroup;
			children = (
				96E3EB281A7B664E0088929B /* Base */,
			);
			name = LaunchScreen.xib;
			sourceTree = "<group>";
		};
/* End PBXVariantGroup section */

/* Begin XCBuildConfiguration section */
		96E3EB361A7B664E0088929B /* Debug */ = {
			isa = XCBuildConfiguration;
			buildSettings = {
				ALWAYS_SEARCH_USER_PATHS = NO;
				CLANG_CXX_LANGUAGE_STANDARD = "gnu++0x";
				CLANG_CXX_LIBRARY = "libc++";
				CLANG_ENABLE_MODULES = YES;
				CLANG_ENABLE_OBJC_ARC = YES;
				CLANG_WARN_BOOL_CONVERSION = YES;
				CLANG_WARN_CONSTANT_CONVERSION = YES;
				CLANG_WARN_DIRECT_OBJC_ISA_USAGE = YES_ERROR;
				CLANG_WARN_EMPTY_BODY = YES;
				CLANG_WARN_ENUM_CONVERSION = YES;
				CLANG_WARN_INT_CONVERSION = YES;
				CLANG_WARN_OBJC_ROOT_CLASS = YES_ERROR;
				CLANG_WARN_UNREACHABLE_CODE = YES;
				CLANG_WARN__DUPLICATE_METHOD_MATCH = YES;
				"CODE_SIGN_IDENTITY[sdk=iphoneos*]" = "iPhone Developer";
				COPY_PHASE_STRIP = NO;
				ENABLE_STRICT_OBJC_MSGSEND = YES;
				GCC_C_LANGUAGE_STANDARD = gnu99;
				GCC_DYNAMIC_NO_PIC = NO;
				GCC_OPTIMIZATION_LEVEL = 0;
				GCC_PREPROCESSOR_DEFINITIONS = (
					"DEBUG=1",
					"$(inherited)",
				);
				GCC_SYMBOLS_PRIVATE_EXTERN = NO;
				GCC_WARN_64_TO_32_BIT_CONVERSION = YES;
				GCC_WARN_ABOUT_RETURN_TYPE = YES_ERROR;
				GCC_WARN_UNDECLARED_SELECTOR = YES;
				GCC_WARN_UNINITIALIZED_AUTOS = YES_AGGRESSIVE;
				GCC_WARN_UNUSED_FUNCTION = YES;
				GCC_WARN_UNUSED_VARIABLE = YES;
				IPHONEOS_DEPLOYMENT_TARGET = 8.1;
				MTL_ENABLE_DEBUG_INFO = YES;
				ONLY_ACTIVE_ARCH = YES;
				SDKROOT = iphoneos;
				SWIFT_OPTIMIZATION_LEVEL = "-Onone";
			};
			name = Debug;
		};
		96E3EB371A7B664E0088929B /* Release */ = {
			isa = XCBuildConfiguration;
			buildSettings = {
				ALWAYS_SEARCH_USER_PATHS = NO;
				CLANG_CXX_LANGUAGE_STANDARD = "gnu++0x";
				CLANG_CXX_LIBRARY = "libc++";
				CLANG_ENABLE_MODULES = YES;
				CLANG_ENABLE_OBJC_ARC = YES;
				CLANG_WARN_BOOL_CONVERSION = YES;
				CLANG_WARN_CONSTANT_CONVERSION = YES;
				CLANG_WARN_DIRECT_OBJC_ISA_USAGE = YES_ERROR;
				CLANG_WARN_EMPTY_BODY = YES;
				CLANG_WARN_ENUM_CONVERSION = YES;
				CLANG_WARN_INT_CONVERSION = YES;
				CLANG_WARN_OBJC_ROOT_CLASS = YES_ERROR;
				CLANG_WARN_UNREACHABLE_CODE = YES;
				CLANG_WARN__DUPLICATE_METHOD_MATCH = YES;
				"CODE_SIGN_IDENTITY[sdk=iphoneos*]" = "iPhone Developer";
				COPY_PHASE_STRIP = YES;
				ENABLE_NS_ASSERTIONS = NO;
				ENABLE_STRICT_OBJC_MSGSEND = YES;
				GCC_C_LANGUAGE_STANDARD = gnu99;
				GCC_WARN_64_TO_32_BIT_CONVERSION = YES;
				GCC_WARN_ABOUT_RETURN_TYPE = YES_ERROR;
				GCC_WARN_UNDECLARED_SELECTOR = YES;
				GCC_WARN_UNINITIALIZED_AUTOS = YES_AGGRESSIVE;
				GCC_WARN_UNUSED_FUNCTION = YES;
				GCC_WARN_UNUSED_VARIABLE = YES;
				IPHONEOS_DEPLOYMENT_TARGET = 8.1;
				MTL_ENABLE_DEBUG_INFO = NO;
				SDKROOT = iphoneos;
				VALIDATE_PRODUCT = YES;
			};
			name = Release;
		};
		96E3EB391A7B664E0088929B /* Debug */ = {
			isa = XCBuildConfiguration;
			buildSettings = {
				ASSETCATALOG_COMPILER_APPICON_NAME = AppIcon;
				INFOPLIST_FILE = "Dropbox Demo/Info.plist";
				LD_RUNPATH_SEARCH_PATHS = "$(inherited) @executable_path/Frameworks";
				PRODUCT_NAME = "$(TARGET_NAME)";
			};
			name = Debug;
		};
		96E3EB3A1A7B664E0088929B /* Release */ = {
			isa = XCBuildConfiguration;
			buildSettings = {
				ASSETCATALOG_COMPILER_APPICON_NAME = AppIcon;
				INFOPLIST_FILE = "Dropbox Demo/Info.plist";
				LD_RUNPATH_SEARCH_PATHS = "$(inherited) @executable_path/Frameworks";
				PRODUCT_NAME = "$(TARGET_NAME)";
			};
			name = Release;
		};
		96E3EB3C1A7B664E0088929B /* Debug */ = {
			isa = XCBuildConfiguration;
			buildSettings = {
				BUNDLE_LOADER = "$(TEST_HOST)";
				FRAMEWORK_SEARCH_PATHS = (
					"$(SDKROOT)/Developer/Library/Frameworks",
					"$(inherited)",
				);
				GCC_PREPROCESSOR_DEFINITIONS = (
					"DEBUG=1",
					"$(inherited)",
				);
				INFOPLIST_FILE = "Dropbox DemoTests/Info.plist";
				LD_RUNPATH_SEARCH_PATHS = "$(inherited) @executable_path/Frameworks @loader_path/Frameworks";
				PRODUCT_NAME = "$(TARGET_NAME)";
				TEST_HOST = "$(BUILT_PRODUCTS_DIR)/Dropbox Demo.app/Dropbox Demo";
			};
			name = Debug;
		};
		96E3EB3D1A7B664E0088929B /* Release */ = {
			isa = XCBuildConfiguration;
			buildSettings = {
				BUNDLE_LOADER = "$(TEST_HOST)";
				FRAMEWORK_SEARCH_PATHS = (
					"$(SDKROOT)/Developer/Library/Frameworks",
					"$(inherited)",
				);
				INFOPLIST_FILE = "Dropbox DemoTests/Info.plist";
				LD_RUNPATH_SEARCH_PATHS = "$(inherited) @executable_path/Frameworks @loader_path/Frameworks";
				PRODUCT_NAME = "$(TARGET_NAME)";
				TEST_HOST = "$(BUILT_PRODUCTS_DIR)/Dropbox Demo.app/Dropbox Demo";
			};
			name = Release;
		};
/* End XCBuildConfiguration section */

/* Begin XCConfigurationList section */
		96E3EB141A7B664E0088929B /* Build configuration list for PBXProject "Dropbox Demo" */ = {
			isa = XCConfigurationList;
			buildConfigurations = (
				96E3EB361A7B664E0088929B /* Debug */,
				96E3EB371A7B664E0088929B /* Release */,
			);
			defaultConfigurationIsVisible = 0;
			defaultConfigurationName = Release;
		};
		96E3EB381A7B664E0088929B /* Build configuration list for PBXNativeTarget "Dropbox Demo" */ = {
			isa = XCConfigurationList;
			buildConfigurations = (
				96E3EB391A7B664E0088929B /* Debug */,
				96E3EB3A1A7B664E0088929B /* Release */,
			);
			defaultConfigurationIsVisible = 0;
		};
		96E3EB3B1A7B664E0088929B /* Build configuration list for PBXNativeTarget "Dropbox DemoTests" */ = {
			isa = XCConfigurationList;
			buildConfigurations = (
				96E3EB3C1A7B664E0088929B /* Debug */,
				96E3EB3D1A7B664E0088929B /* Release */,
			);
			defaultConfigurationIsVisible = 0;
		};
/* End XCConfigurationList section */
	};
	rootObject = 96E3EB111A7B664E0088929B /* Project object */;
}
